
Microsoft Visual Studio Solution File, Format Version 12.00
# Visual Studio Version 16
VisualStudioVersion = 16.0.30204.135
MinimumVisualStudioVersion = 10.0.40219.1
Project("{FAE04EC0-301F-11D3-BF4B-00C04F79EFBC}") = "LabelCreatorSU627", "LabelCreatorSU627\LabelCreatorSU627.csproj", "{7F573328-E1A1-47D6-A091-30BC873E7B28}"
EndProject
Global
	GlobalSection(SolutionConfigurationPlatforms) = preSolution
		Debug|Any CPU = Debug|Any CPU
		Release|Any CPU = Release|Any CPU
	EndGlobalSection
	GlobalSection(ProjectConfigurationPlatforms) = postSolution
		{7F573328-E1A1-47D6-A091-30BC873E7B28}.Debug|Any CPU.ActiveCfg = Debug|Any CPU
		{7F573328-E1A1-47D6-A091-30BC873E7B28}.Debug|Any CPU.Build.0 = Debug|Any CPU
		{7F573328-E1A1-47D6-A091-30BC873E7B28}.Release|Any CPU.ActiveCfg = Release|Any CPU
		{7F573328-E1A1-47D6-A091-30BC873E7B28}.Release|Any CPU.Build.0 = Release|Any CPU
	EndGlobalSection
	GlobalSection(SolutionProperties) = preSolution
		HideSolutionNode = FALSE
	EndGlobalSection
	GlobalSection(ExtensibilityGlobals) = postSolution
		SolutionGuid = {C46AAF93-EA96-4E6A-97EB-EA49A3F042C1}
	EndGlobalSection
EndGlobal
